
Microsoft Visual Studio Solution File, Format Version 12.00
# Visual Studio Version 16
VisualStudioVersion = 16.0.808.8
MinimumVisualStudioVersion = 10.0.40219.1
Project("{FAE04EC0-301F-11D3-BF4B-00C04F79EFBC}") = "LucyWebsite", "LucyWebsite\LucyWebsite.csproj", "{3E9F47B0-EB6F-4CF3-8989-901B19634E7E}"
EndProject
Global
	GlobalSection(SolutionConfigurationPlatforms) = preSolution
		Debug|Any CPU = Debug|Any CPU
		Release|Any CPU = Release|Any CPU
	EndGlobalSection
	GlobalSection(ProjectConfigurationPlatforms) = postSolution
		{3E9F47B0-EB6F-4CF3-8989-901B19634E7E}.Debug|Any CPU.ActiveCfg = Debug|Any CPU
		{3E9F47B0-EB6F-4CF3-8989-901B19634E7E}.Debug|Any CPU.Build.0 = Debug|Any CPU
		{3E9F47B0-EB6F-4CF3-8989-901B19634E7E}.Release|Any CPU.ActiveCfg = Release|Any CPU
		{3E9F47B0-EB6F-4CF3-8989-901B19634E7E}.Release|Any CPU.Build.0 = Release|Any CPU
	EndGlobalSection
	GlobalSection(SolutionProperties) = preSolution
		HideSolutionNode = FALSE
	EndGlobalSection
	GlobalSection(ExtensibilityGlobals) = postSolution
		SolutionGuid = {0571BB85-C842-4C87-85AB-ABC063748C6D}
	EndGlobalSection
EndGlobal
