
Microsoft Visual Studio Solution File, Format Version 12.00
# Visual Studio Version 16
VisualStudioVersion = 16.0.808.8
MinimumVisualStudioVersion = 10.0.40219.1
Project("{FAE04EC0-301F-11D3-BF4B-00C04F79EFBC}") = "LucyWebsite.Server", "LucyWebsite\Server\LucyWebsite.Server.csproj", "{DE071288-F494-48FC-9461-8BB29F934378}"
EndProject
Project("{FAE04EC0-301F-11D3-BF4B-00C04F79EFBC}") = "LucyWebsite.Client", "LucyWebsite\Client\LucyWebsite.Client.csproj", "{DA08D32C-ACA2-40B8-9176-61CD59ECE905}"
EndProject
Project("{FAE04EC0-301F-11D3-BF4B-00C04F79EFBC}") = "LucyWebsite.Shared", "LucyWebsite\Shared\LucyWebsite.Shared.csproj", "{27BDDDD7-E630-4D62-B5E8-9AA2CDCC5FD3}"
EndProject
Global
	GlobalSection(SolutionConfigurationPlatforms) = preSolution
		Debug|Any CPU = Debug|Any CPU
		Release|Any CPU = Release|Any CPU
	EndGlobalSection
	GlobalSection(ProjectConfigurationPlatforms) = postSolution
		{DE071288-F494-48FC-9461-8BB29F934378}.Debug|Any CPU.ActiveCfg = Debug|Any CPU
		{DE071288-F494-48FC-9461-8BB29F934378}.Debug|Any CPU.Build.0 = Debug|Any CPU
		{DE071288-F494-48FC-9461-8BB29F934378}.Release|Any CPU.ActiveCfg = Release|Any CPU
		{DE071288-F494-48FC-9461-8BB29F934378}.Release|Any CPU.Build.0 = Release|Any CPU
		{DA08D32C-ACA2-40B8-9176-61CD59ECE905}.Debug|Any CPU.ActiveCfg = Debug|Any CPU
		{DA08D32C-ACA2-40B8-9176-61CD59ECE905}.Debug|Any CPU.Build.0 = Debug|Any CPU
		{DA08D32C-ACA2-40B8-9176-61CD59ECE905}.Release|Any CPU.ActiveCfg = Release|Any CPU
		{DA08D32C-ACA2-40B8-9176-61CD59ECE905}.Release|Any CPU.Build.0 = Release|Any CPU
		{27BDDDD7-E630-4D62-B5E8-9AA2CDCC5FD3}.Debug|Any CPU.ActiveCfg = Debug|Any CPU
		{27BDDDD7-E630-4D62-B5E8-9AA2CDCC5FD3}.Debug|Any CPU.Build.0 = Debug|Any CPU
		{27BDDDD7-E630-4D62-B5E8-9AA2CDCC5FD3}.Release|Any CPU.ActiveCfg = Release|Any CPU
		{27BDDDD7-E630-4D62-B5E8-9AA2CDCC5FD3}.Release|Any CPU.Build.0 = Release|Any CPU
	EndGlobalSection
	GlobalSection(SolutionProperties) = preSolution
		HideSolutionNode = FALSE
	EndGlobalSection
	GlobalSection(ExtensibilityGlobals) = postSolution
		SolutionGuid = {95584433-F219-49A6-95AB-8D6E607D333C}
	EndGlobalSection
EndGlobal
